// !$*UTF8*$!
{
	archiveVersion = 1;
	classes = {
	};
	objectVersion = 55;
	objects = {

/* Begin PBXBuildFile section */
		9DFDFC9127F36ED5001D7100 /* AppDelegate.swift in Sources */ = {isa = PBXBuildFile; fileRef = 9DFDFC9027F36ED5001D7100 /* AppDelegate.swift */; };
		9DFDFC9527F36ED5001D7100 /* NewsViewController.swift in Sources */ = {isa = PBXBuildFile; fileRef = 9DFDFC9427F36ED5001D7100 /* NewsViewController.swift */; };
		9DFDFC9827F36ED5001D7100 /* Main.storyboard in Resources */ = {isa = PBXBuildFile; fileRef = 9DFDFC9627F36ED5001D7100 /* Main.storyboard */; };
		9DFDFC9A27F36ED6001D7100 /* Assets.xcassets in Resources */ = {isa = PBXBuildFile; fileRef = 9DFDFC9927F36ED6001D7100 /* Assets.xcassets */; };
		9DFDFC9D27F36ED6001D7100 /* LaunchScreen.storyboard in Resources */ = {isa = PBXBuildFile; fileRef = 9DFDFC9B27F36ED6001D7100 /* LaunchScreen.storyboard */; };
		9DFDFCA627F372AD001D7100 /* HeaderCell.swift in Sources */ = {isa = PBXBuildFile; fileRef = 9DFDFCA427F372AD001D7100 /* HeaderCell.swift */; };
		9DFDFCA727F372AD001D7100 /* HeaderCell.xib in Resources */ = {isa = PBXBuildFile; fileRef = 9DFDFCA527F372AD001D7100 /* HeaderCell.xib */; };
		9DFDFCA927F372BF001D7100 /* Model.swift in Sources */ = {isa = PBXBuildFile; fileRef = 9DFDFCA827F372BF001D7100 /* Model.swift */; };
		9DFDFCAB27F37630001D7100 /* ArticleViewController.swift in Sources */ = {isa = PBXBuildFile; fileRef = 9DFDFCAA27F37630001D7100 /* ArticleViewController.swift */; };
		9DFDFCB527F85DB8001D7100 /* FavoritesViewController.swift in Sources */ = {isa = PBXBuildFile; fileRef = 9DFDFCB427F85DB8001D7100 /* FavoritesViewController.swift */; };
		9DFDFCB727F8D0E0001D7100 /* ArticleData.swift in Sources */ = {isa = PBXBuildFile; fileRef = 9DFDFCB627F8D0E0001D7100 /* ArticleData.swift */; };
		9DFDFCB927F8D215001D7100 /* DataFileManager.swift in Sources */ = {isa = PBXBuildFile; fileRef = 9DFDFCB827F8D215001D7100 /* DataFileManager.swift */; };
/* End PBXBuildFile section */

/* Begin PBXFileReference section */
		9DFDFC8D27F36ED5001D7100 /* MD News.app */ = {isa = PBXFileReference; explicitFileType = wrapper.application; includeInIndex = 0; path = "MD News.app"; sourceTree = BUILT_PRODUCTS_DIR; };
		9DFDFC9027F36ED5001D7100 /* AppDelegate.swift */ = {isa = PBXFileReference; lastKnownFileType = sourcecode.swift; path = AppDelegate.swift; sourceTree = "<group>"; };
		9DFDFC9427F36ED5001D7100 /* NewsViewController.swift */ = {isa = PBXFileReference; lastKnownFileType = sourcecode.swift; path = NewsViewController.swift; sourceTree = "<group>"; };
		9DFDFC9727F36ED5001D7100 /* Base */ = {isa = PBXFileReference; lastKnownFileType = file.storyboard; name = Base; path = Base.lproj/Main.storyboard; sourceTree = "<group>"; };
		9DFDFC9927F36ED6001D7100 /* Assets.xcassets */ = {isa = PBXFileReference; lastKnownFileType = folder.assetcatalog; path = Assets.xcassets; sourceTree = "<group>"; };
		9DFDFC9C27F36ED6001D7100 /* Base */ = {isa = PBXFileReference; lastKnownFileType = file.storyboard; name = Base; path = Base.lproj/LaunchScreen.storyboard; sourceTree = "<group>"; };
		9DFDFC9E27F36ED6001D7100 /* Info.plist */ = {isa = PBXFileReference; lastKnownFileType = text.plist.xml; path = Info.plist; sourceTree = "<group>"; };
		9DFDFCA427F372AD001D7100 /* HeaderCell.swift */ = {isa = PBXFileReference; lastKnownFileType = sourcecode.swift; path = HeaderCell.swift; sourceTree = "<group>"; };
		9DFDFCA527F372AD001D7100 /* HeaderCell.xib */ = {isa = PBXFileReference; lastKnownFileType = file.xib; path = HeaderCell.xib; sourceTree = "<group>"; };
		9DFDFCA827F372BF001D7100 /* Model.swift */ = {isa = PBXFileReference; lastKnownFileType = sourcecode.swift; path = Model.swift; sourceTree = "<group>"; };
		9DFDFCAA27F37630001D7100 /* ArticleViewController.swift */ = {isa = PBXFileReference; lastKnownFileType = sourcecode.swift; path = ArticleViewController.swift; sourceTree = "<group>"; };
		9DFDFCB427F85DB8001D7100 /* FavoritesViewController.swift */ = {isa = PBXFileReference; lastKnownFileType = sourcecode.swift; path = FavoritesViewController.swift; sourceTree = "<group>"; };
		9DFDFCB627F8D0E0001D7100 /* ArticleData.swift */ = {isa = PBXFileReference; lastKnownFileType = sourcecode.swift; path = ArticleData.swift; sourceTree = "<group>"; };
		9DFDFCB827F8D215001D7100 /* DataFileManager.swift */ = {isa = PBXFileReference; lastKnownFileType = sourcecode.swift; path = DataFileManager.swift; sourceTree = "<group>"; };
/* End PBXFileReference section */

/* Begin PBXFrameworksBuildPhase section */
		9DFDFC8A27F36ED5001D7100 /* Frameworks */ = {
			isa = PBXFrameworksBuildPhase;
			buildActionMask = 2147483647;
			files = (
			);
			runOnlyForDeploymentPostprocessing = 0;
		};
/* End PBXFrameworksBuildPhase section */

/* Begin PBXGroup section */
		9DFDFC8427F36ED5001D7100 = {
			isa = PBXGroup;
			children = (
				9DFDFC8F27F36ED5001D7100 /* MD News */,
				9DFDFC8E27F36ED5001D7100 /* Products */,
			);
			sourceTree = "<group>";
		};
		9DFDFC8E27F36ED5001D7100 /* Products */ = {
			isa = PBXGroup;
			children = (
				9DFDFC8D27F36ED5001D7100 /* MD News.app */,
			);
			name = Products;
			sourceTree = "<group>";
		};
		9DFDFC8F27F36ED5001D7100 /* MD News */ = {
			isa = PBXGroup;
			children = (
				9DFDFC9027F36ED5001D7100 /* AppDelegate.swift */,
				9DFDFCBB27FA482C001D7100 /* Model */,
				9DFDFCBA27FA4802001D7100 /* Contoller */,
				9DFDFCA427F372AD001D7100 /* HeaderCell.swift */,
				9DFDFCA527F372AD001D7100 /* HeaderCell.xib */,
				9DFDFC9627F36ED5001D7100 /* Main.storyboard */,
				9DFDFC9927F36ED6001D7100 /* Assets.xcassets */,
				9DFDFC9B27F36ED6001D7100 /* LaunchScreen.storyboard */,
				9DFDFC9E27F36ED6001D7100 /* Info.plist */,
			);
			path = "MD News";
			sourceTree = "<group>";
		};
		9DFDFCBA27FA4802001D7100 /* Contoller */ = {
			isa = PBXGroup;
			children = (
				9DFDFC9427F36ED5001D7100 /* NewsViewController.swift */,
				9DFDFCAA27F37630001D7100 /* ArticleViewController.swift */,
				9DFDFCB427F85DB8001D7100 /* FavoritesViewController.swift */,
			);
			path = Contoller;
			sourceTree = "<group>";
		};
		9DFDFCBB27FA482C001D7100 /* Model */ = {
			isa = PBXGroup;
			children = (
				9DFDFCB627F8D0E0001D7100 /* ArticleData.swift */,
				9DFDFCA827F372BF001D7100 /* Model.swift */,
				9DFDFCB827F8D215001D7100 /* DataFileManager.swift */,
			);
			path = Model;
			sourceTree = "<group>";
		};
/* End PBXGroup section */

/* Begin PBXNativeTarget section */
		9DFDFC8C27F36ED5001D7100 /* MD News */ = {
			isa = PBXNativeTarget;
			buildConfigurationList = 9DFDFCA127F36ED6001D7100 /* Build configuration list for PBXNativeTarget "MD News" */;
			buildPhases = (
				9DFDFC8927F36ED5001D7100 /* Sources */,
				9DFDFC8A27F36ED5001D7100 /* Frameworks */,
				9DFDFC8B27F36ED5001D7100 /* Resources */,
			);
			buildRules = (
			);
			dependencies = (
			);
			name = "MD News";
			productName = "MD News";
			productReference = 9DFDFC8D27F36ED5001D7100 /* MD News.app */;
			productType = "com.apple.product-type.application";
		};
/* End PBXNativeTarget section */

/* Begin PBXProject section */
		9DFDFC8527F36ED5001D7100 /* Project object */ = {
			isa = PBXProject;
			attributes = {
				BuildIndependentTargetsInParallel = 1;
				LastSwiftUpdateCheck = 1320;
				LastUpgradeCheck = 1320;
				TargetAttributes = {
					9DFDFC8C27F36ED5001D7100 = {
						CreatedOnToolsVersion = 13.2.1;
					};
				};
			};
			buildConfigurationList = 9DFDFC8827F36ED5001D7100 /* Build configuration list for PBXProject "MD News" */;
			compatibilityVersion = "Xcode 13.0";
			developmentRegion = en;
			hasScannedForEncodings = 0;
			knownRegions = (
				en,
				Base,
			);
			mainGroup = 9DFDFC8427F36ED5001D7100;
			productRefGroup = 9DFDFC8E27F36ED5001D7100 /* Products */;
			projectDirPath = "";
			projectRoot = "";
			targets = (
				9DFDFC8C27F36ED5001D7100 /* MD News */,
			);
		};
/* End PBXProject section */

/* Begin PBXResourcesBuildPhase section */
		9DFDFC8B27F36ED5001D7100 /* Resources */ = {
			isa = PBXResourcesBuildPhase;
			buildActionMask = 2147483647;
			files = (
				9DFDFCA727F372AD001D7100 /* HeaderCell.xib in Resources */,
				9DFDFC9D27F36ED6001D7100 /* LaunchScreen.storyboard in Resources */,
				9DFDFC9A27F36ED6001D7100 /* Assets.xcassets in Resources */,
				9DFDFC9827F36ED5001D7100 /* Main.storyboard in Resources */,
			);
			runOnlyForDeploymentPostprocessing = 0;
		};
/* End PBXResourcesBuildPhase section */

/* Begin PBXSourcesBuildPhase section */
		9DFDFC8927F36ED5001D7100 /* Sources */ = {
			isa = PBXSourcesBuildPhase;
			buildActionMask = 2147483647;
			files = (
				9DFDFCB727F8D0E0001D7100 /* ArticleData.swift in Sources */,
				9DFDFC9527F36ED5001D7100 /* NewsViewController.swift in Sources */,
				9DFDFCA627F372AD001D7100 /* HeaderCell.swift in Sources */,
				9DFDFCAB27F37630001D7100 /* ArticleViewController.swift in Sources */,
				9DFDFC9127F36ED5001D7100 /* AppDelegate.swift in Sources */,
				9DFDFCB927F8D215001D7100 /* DataFileManager.swift in Sources */,
				9DFDFCB527F85DB8001D7100 /* FavoritesViewController.swift in Sources */,
				9DFDFCA927F372BF001D7100 /* Model.swift in Sources */,
			);
			runOnlyForDeploymentPostprocessing = 0;
		};
/* End PBXSourcesBuildPhase section */

/* Begin PBXVariantGroup section */
		9DFDFC9627F36ED5001D7100 /* Main.storyboard */ = {
			isa = PBXVariantGroup;
			children = (
				9DFDFC9727F36ED5001D7100 /* Base */,
			);
			name = Main.storyboard;
			sourceTree = "<group>";
		};
		9DFDFC9B27F36ED6001D7100 /* LaunchScreen.storyboard */ = {
			isa = PBXVariantGroup;
			children = (
				9DFDFC9C27F36ED6001D7100 /* Base */,
			);
			name = LaunchScreen.storyboard;
			sourceTree = "<group>";
		};
/* End PBXVariantGroup section */

/* Begin XCBuildConfiguration section */
		9DFDFC9F27F36ED6001D7100 /* Debug */ = {
			isa = XCBuildConfiguration;
			buildSettings = {
				ALWAYS_SEARCH_USER_PATHS = NO;
				CLANG_ANALYZER_NONNULL = YES;
				CLANG_ANALYZER_NUMBER_OBJECT_CONVERSION = YES_AGGRESSIVE;
				CLANG_CXX_LANGUAGE_STANDARD = "gnu++17";
				CLANG_CXX_LIBRARY = "libc++";
				CLANG_ENABLE_MODULES = YES;
				CLANG_ENABLE_OBJC_ARC = YES;
				CLANG_ENABLE_OBJC_WEAK = YES;
				CLANG_WARN_BLOCK_CAPTURE_AUTORELEASING = YES;
				CLANG_WARN_BOOL_CONVERSION = YES;
				CLANG_WARN_COMMA = YES;
				CLANG_WARN_CONSTANT_CONVERSION = YES;
				CLANG_WARN_DEPRECATED_OBJC_IMPLEMENTATIONS = YES;
				CLANG_WARN_DIRECT_OBJC_ISA_USAGE = YES_ERROR;
				CLANG_WARN_DOCUMENTATION_COMMENTS = YES;
				CLANG_WARN_EMPTY_BODY = YES;
				CLANG_WARN_ENUM_CONVERSION = YES;
				CLANG_WARN_INFINITE_RECURSION = YES;
				CLANG_WARN_INT_CONVERSION = YES;
				CLANG_WARN_NON_LITERAL_NULL_CONVERSION = YES;
				CLANG_WARN_OBJC_IMPLICIT_RETAIN_SELF = YES;
				CLANG_WARN_OBJC_LITERAL_CONVERSION = YES;
				CLANG_WARN_OBJC_ROOT_CLASS = YES_ERROR;
				CLANG_WARN_QUOTED_INCLUDE_IN_FRAMEWORK_HEADER = YES;
				CLANG_WARN_RANGE_LOOP_ANALYSIS = YES;
				CLANG_WARN_STRICT_PROTOTYPES = YES;
				CLANG_WARN_SUSPICIOUS_MOVE = YES;
				CLANG_WARN_UNGUARDED_AVAILABILITY = YES_AGGRESSIVE;
				CLANG_WARN_UNREACHABLE_CODE = YES;
				CLANG_WARN__DUPLICATE_METHOD_MATCH = YES;
				COPY_PHASE_STRIP = NO;
				DEBUG_INFORMATION_FORMAT = dwarf;
				ENABLE_STRICT_OBJC_MSGSEND = YES;
				ENABLE_TESTABILITY = YES;
				GCC_C_LANGUAGE_STANDARD = gnu11;
				GCC_DYNAMIC_NO_PIC = NO;
				GCC_NO_COMMON_BLOCKS = YES;
				GCC_OPTIMIZATION_LEVEL = 0;
				GCC_PREPROCESSOR_DEFINITIONS = (
					"DEBUG=1",
					"$(inherited)",
				);
				GCC_WARN_64_TO_32_BIT_CONVERSION = YES;
				GCC_WARN_ABOUT_RETURN_TYPE = YES_ERROR;
				GCC_WARN_UNDECLARED_SELECTOR = YES;
				GCC_WARN_UNINITIALIZED_AUTOS = YES_AGGRESSIVE;
				GCC_WARN_UNUSED_FUNCTION = YES;
				GCC_WARN_UNUSED_VARIABLE = YES;
				IPHONEOS_DEPLOYMENT_TARGET = 13.0;
				MTL_ENABLE_DEBUG_INFO = INCLUDE_SOURCE;
				MTL_FAST_MATH = YES;
				ONLY_ACTIVE_ARCH = YES;
				SDKROOT = iphoneos;
				SWIFT_ACTIVE_COMPILATION_CONDITIONS = DEBUG;
				SWIFT_OPTIMIZATION_LEVEL = "-Onone";
			};
			name = Debug;
		};
		9DFDFCA027F36ED6001D7100 /* Release */ = {
			isa = XCBuildConfiguration;
			buildSettings = {
				ALWAYS_SEARCH_USER_PATHS = NO;
				CLANG_ANALYZER_NONNULL = YES;
				CLANG_ANALYZER_NUMBER_OBJECT_CONVERSION = YES_AGGRESSIVE;
				CLANG_CXX_LANGUAGE_STANDARD = "gnu++17";
				CLANG_CXX_LIBRARY = "libc++";
				CLANG_ENABLE_MODULES = YES;
				CLANG_ENABLE_OBJC_ARC = YES;
				CLANG_ENABLE_OBJC_WEAK = YES;
				CLANG_WARN_BLOCK_CAPTURE_AUTORELEASING = YES;
				CLANG_WARN_BOOL_CONVERSION = YES;
				CLANG_WARN_COMMA = YES;
				CLANG_WARN_CONSTANT_CONVERSION = YES;
				CLANG_WARN_DEPRECATED_OBJC_IMPLEMENTATIONS = YES;
				CLANG_WARN_DIRECT_OBJC_ISA_USAGE = YES_ERROR;
				CLANG_WARN_DOCUMENTATION_COMMENTS = YES;
				CLANG_WARN_EMPTY_BODY = YES;
				CLANG_WARN_ENUM_CONVERSION = YES;
				CLANG_WARN_INFINITE_RECURSION = YES;
				CLANG_WARN_INT_CONVERSION = YES;
				CLANG_WARN_NON_LITERAL_NULL_CONVERSION = YES;
				CLANG_WARN_OBJC_IMPLICIT_RETAIN_SELF = YES;
				CLANG_WARN_OBJC_LITERAL_CONVERSION = YES;
				CLANG_WARN_OBJC_ROOT_CLASS = YES_ERROR;
				CLANG_WARN_QUOTED_INCLUDE_IN_FRAMEWORK_HEADER = YES;
				CLANG_WARN_RANGE_LOOP_ANALYSIS = YES;
				CLANG_WARN_STRICT_PROTOTYPES = YES;
				CLANG_WARN_SUSPICIOUS_MOVE = YES;
				CLANG_WARN_UNGUARDED_AVAILABILITY = YES_AGGRESSIVE;
				CLANG_WARN_UNREACHABLE_CODE = YES;
				CLANG_WARN__DUPLICATE_METHOD_MATCH = YES;
				COPY_PHASE_STRIP = NO;
				DEBUG_INFORMATION_FORMAT = "dwarf-with-dsym";
				ENABLE_NS_ASSERTIONS = NO;
				ENABLE_STRICT_OBJC_MSGSEND = YES;
				GCC_C_LANGUAGE_STANDARD = gnu11;
				GCC_NO_COMMON_BLOCKS = YES;
				GCC_WARN_64_TO_32_BIT_CONVERSION = YES;
				GCC_WARN_ABOUT_RETURN_TYPE = YES_ERROR;
				GCC_WARN_UNDECLARED_SELECTOR = YES;
				GCC_WARN_UNINITIALIZED_AUTOS = YES_AGGRESSIVE;
				GCC_WARN_UNUSED_FUNCTION = YES;
				GCC_WARN_UNUSED_VARIABLE = YES;
				IPHONEOS_DEPLOYMENT_TARGET = 13.0;
				MTL_ENABLE_DEBUG_INFO = NO;
				MTL_FAST_MATH = YES;
				SDKROOT = iphoneos;
				SWIFT_COMPILATION_MODE = wholemodule;
				SWIFT_OPTIMIZATION_LEVEL = "-O";
				VALIDATE_PRODUCT = YES;
			};
			name = Release;
		};
		9DFDFCA227F36ED6001D7100 /* Debug */ = {
			isa = XCBuildConfiguration;
			buildSettings = {
				ASSETCATALOG_COMPILER_APPICON_NAME = AppIcon;
				ASSETCATALOG_COMPILER_GLOBAL_ACCENT_COLOR_NAME = AccentColor;
				CODE_SIGN_STYLE = Automatic;
				CURRENT_PROJECT_VERSION = 1;
				DEVELOPMENT_TEAM = 89JF3PN7PL;
				GENERATE_INFOPLIST_FILE = YES;
				INFOPLIST_FILE = "MD News/Info.plist";
				INFOPLIST_KEY_UIApplicationSupportsIndirectInputEvents = YES;
				INFOPLIST_KEY_UILaunchStoryboardName = LaunchScreen;
				INFOPLIST_KEY_UISupportedInterfaceOrientations_iPad = "UIInterfaceOrientationPortrait UIInterfaceOrientationPortraitUpsideDown UIInterfaceOrientationLandscapeLeft UIInterfaceOrientationLandscapeRight";
				INFOPLIST_KEY_UISupportedInterfaceOrientations_iPhone = UIInterfaceOrientationPortrait;
				INFOPLIST_KEY_UIUserInterfaceStyle = Dark;
				IPHONEOS_DEPLOYMENT_TARGET = 13.0;
				LD_RUNPATH_SEARCH_PATHS = (
					"$(inherited)",
					"@executable_path/Frameworks",
				);
				MARKETING_VERSION = 1.0;
				PRODUCT_BUNDLE_IDENTIFIER = "ru.vanzay.MD-News";
				PRODUCT_NAME = "$(TARGET_NAME)";
				SWIFT_EMIT_LOC_STRINGS = YES;
				SWIFT_VERSION = 5.0;
				TARGETED_DEVICE_FAMILY = 1;
			};
			name = Debug;
		};
		9DFDFCA327F36ED6001D7100 /* Release */ = {
			isa = XCBuildConfiguration;
			buildSettings = {
				ASSETCATALOG_COMPILER_APPICON_NAME = AppIcon;
				ASSETCATALOG_COMPILER_GLOBAL_ACCENT_COLOR_NAME = AccentColor;
				CODE_SIGN_STYLE = Automatic;
				CURRENT_PROJECT_VERSION = 1;
				DEVELOPMENT_TEAM = 89JF3PN7PL;
				GENERATE_INFOPLIST_FILE = YES;
				INFOPLIST_FILE = "MD News/Info.plist";
				INFOPLIST_KEY_UIApplicationSupportsIndirectInputEvents = YES;
				INFOPLIST_KEY_UILaunchStoryboardName = LaunchScreen;
				INFOPLIST_KEY_UISupportedInterfaceOrientations_iPad = "UIInterfaceOrientationPortrait UIInterfaceOrientationPortraitUpsideDown UIInterfaceOrientationLandscapeLeft UIInterfaceOrientationLandscapeRight";
				INFOPLIST_KEY_UISupportedInterfaceOrientations_iPhone = UIInterfaceOrientationPortrait;
				INFOPLIST_KEY_UIUserInterfaceStyle = Dark;
				IPHONEOS_DEPLOYMENT_TARGET = 13.0;
				LD_RUNPATH_SEARCH_PATHS = (
					"$(inherited)",
					"@executable_path/Frameworks",
				);
				MARKETING_VERSION = 1.0;
				PRODUCT_BUNDLE_IDENTIFIER = "ru.vanzay.MD-News";
				PRODUCT_NAME = "$(TARGET_NAME)";
				SWIFT_EMIT_LOC_STRINGS = YES;
				SWIFT_VERSION = 5.0;
				TARGETED_DEVICE_FAMILY = 1;
			};
			name = Release;
		};
/* End XCBuildConfiguration section */

/* Begin XCConfigurationList section */
		9DFDFC8827F36ED5001D7100 /* Build configuration list for PBXProject "MD News" */ = {
			isa = XCConfigurationList;
			buildConfigurations = (
				9DFDFC9F27F36ED6001D7100 /* Debug */,
				9DFDFCA027F36ED6001D7100 /* Release */,
			);
			defaultConfigurationIsVisible = 0;
			defaultConfigurationName = Release;
		};
		9DFDFCA127F36ED6001D7100 /* Build configuration list for PBXNativeTarget "MD News" */ = {
			isa = XCConfigurationList;
			buildConfigurations = (
				9DFDFCA227F36ED6001D7100 /* Debug */,
				9DFDFCA327F36ED6001D7100 /* Release */,
			);
			defaultConfigurationIsVisible = 0;
			defaultConfigurationName = Release;
		};
/* End XCConfigurationList section */
	};
	rootObject = 9DFDFC8527F36ED5001D7100 /* Project object */;
}
